
Microsoft Visual Studio Solution File, Format Version 12.00
# Visual Studio Version 17
VisualStudioVersion = 17.2.32526.322
MinimumVisualStudioVersion = 10.0.40219.1
Project("{FAE04EC0-301F-11D3-BF4B-00C04F79EFBC}") = "ScadaSnusProject", "ScadaSnusProject.csproj", "{B1B75FF2-C6E7-4C90-921E-656146FCEA1C}"
EndProject
Global
	GlobalSection(SolutionConfigurationPlatforms) = preSolution
		Debug|Any CPU = Debug|Any CPU
		Release|Any CPU = Release|Any CPU
	EndGlobalSection
	GlobalSection(ProjectConfigurationPlatforms) = postSolution
		{B1B75FF2-C6E7-4C90-921E-656146FCEA1C}.Debug|Any CPU.ActiveCfg = Debug|Any CPU
		{B1B75FF2-C6E7-4C90-921E-656146FCEA1C}.Debug|Any CPU.Build.0 = Debug|Any CPU
		{B1B75FF2-C6E7-4C90-921E-656146FCEA1C}.Release|Any CPU.ActiveCfg = Release|Any CPU
		{B1B75FF2-C6E7-4C90-921E-656146FCEA1C}.Release|Any CPU.Build.0 = Release|Any CPU
	EndGlobalSection
	GlobalSection(SolutionProperties) = preSolution
		HideSolutionNode = FALSE
	EndGlobalSection
	GlobalSection(ExtensibilityGlobals) = postSolution
		SolutionGuid = {23AAC98C-8E24-44BB-B2EE-A80192D40ADD}
	EndGlobalSection
EndGlobal
